
Microsoft Visual Studio Solution File, Format Version 12.00
# Visual Studio Version 17
VisualStudioVersion = 17.4.33103.184
MinimumVisualStudioVersion = 10.0.40219.1
Project("{FAE04EC0-301F-11D3-BF4B-00C04F79EFBC}") = "WeatherAPI", "WeatherAPI\WeatherAPI.csproj", "{D9318C12-2E8B-4668-8704-E0DDE3874BD0}"
EndProject
Global
	GlobalSection(SolutionConfigurationPlatforms) = preSolution
		Debug|Any CPU = Debug|Any CPU
		Release|Any CPU = Release|Any CPU
	EndGlobalSection
	GlobalSection(ProjectConfigurationPlatforms) = postSolution
		{D9318C12-2E8B-4668-8704-E0DDE3874BD0}.Debug|Any CPU.ActiveCfg = Debug|Any CPU
		{D9318C12-2E8B-4668-8704-E0DDE3874BD0}.Debug|Any CPU.Build.0 = Debug|Any CPU
		{D9318C12-2E8B-4668-8704-E0DDE3874BD0}.Release|Any CPU.ActiveCfg = Release|Any CPU
		{D9318C12-2E8B-4668-8704-E0DDE3874BD0}.Release|Any CPU.Build.0 = Release|Any CPU
	EndGlobalSection
	GlobalSection(SolutionProperties) = preSolution
		HideSolutionNode = FALSE
	EndGlobalSection
	GlobalSection(ExtensibilityGlobals) = postSolution
		SolutionGuid = {0056CD39-AB55-47DA-8FAA-28D57ABB0471}
	EndGlobalSection
EndGlobal
